
Microsoft Visual Studio Solution File, Format Version 12.00
# Visual Studio Version 16
VisualStudioVersion = 16.0.29728.190
MinimumVisualStudioVersion = 10.0.40219.1
Project("{9A19103F-16F7-4668-BE54-9A1E7A4F7556}") = "EpidemicTrackerApplication", "EpidemicTrackerApplication\EpidemicTrackerApplication.csproj", "{CCE31299-3D6B-4443-89DB-A353EADCC4DA}"
EndProject
Project("{FAE04EC0-301F-11D3-BF4B-00C04F79EFBC}") = "EpidemicTracker.UnitTest", "EpidemicTracker.UnitTest\EpidemicTracker.UnitTest.csproj", "{33BD2472-0735-4344-88E9-3EFC63541744}"
EndProject
Global
	GlobalSection(SolutionConfigurationPlatforms) = preSolution
		Debug|Any CPU = Debug|Any CPU
		Release|Any CPU = Release|Any CPU
	EndGlobalSection
	GlobalSection(ProjectConfigurationPlatforms) = postSolution
		{CCE31299-3D6B-4443-89DB-A353EADCC4DA}.Debug|Any CPU.ActiveCfg = Debug|Any CPU
		{CCE31299-3D6B-4443-89DB-A353EADCC4DA}.Debug|Any CPU.Build.0 = Debug|Any CPU
		{CCE31299-3D6B-4443-89DB-A353EADCC4DA}.Release|Any CPU.ActiveCfg = Release|Any CPU
		{CCE31299-3D6B-4443-89DB-A353EADCC4DA}.Release|Any CPU.Build.0 = Release|Any CPU
		{33BD2472-0735-4344-88E9-3EFC63541744}.Debug|Any CPU.ActiveCfg = Debug|Any CPU
		{33BD2472-0735-4344-88E9-3EFC63541744}.Debug|Any CPU.Build.0 = Debug|Any CPU
		{33BD2472-0735-4344-88E9-3EFC63541744}.Release|Any CPU.ActiveCfg = Release|Any CPU
		{33BD2472-0735-4344-88E9-3EFC63541744}.Release|Any CPU.Build.0 = Release|Any CPU
	EndGlobalSection
	GlobalSection(SolutionProperties) = preSolution
		HideSolutionNode = FALSE
	EndGlobalSection
	GlobalSection(ExtensibilityGlobals) = postSolution
		SolutionGuid = {8E0F8D60-85AA-4DE5-9D4D-6BF1D6802A4F}
	EndGlobalSection
EndGlobal
